
Microsoft Visual Studio Solution File, Format Version 12.00
# Visual Studio Version 17
VisualStudioVersion = 17.11.35208.52
MinimumVisualStudioVersion = 10.0.40219.1
Project("{FAE04EC0-301F-11D3-BF4B-00C04F79EFBC}") = "K2Translations", "K2Translations.csproj", "{7A1EC14F-8D08-4327-AC70-1E4510EA768C}"
EndProject
Global
	GlobalSection(SolutionConfigurationPlatforms) = preSolution
		Debug|Any CPU = Debug|Any CPU
		Release|Any CPU = Release|Any CPU
	EndGlobalSection
	GlobalSection(ProjectConfigurationPlatforms) = postSolution
		{7A1EC14F-8D08-4327-AC70-1E4510EA768C}.Debug|Any CPU.ActiveCfg = Debug|Any CPU
		{7A1EC14F-8D08-4327-AC70-1E4510EA768C}.Debug|Any CPU.Build.0 = Debug|Any CPU
		{7A1EC14F-8D08-4327-AC70-1E4510EA768C}.Release|Any CPU.ActiveCfg = Release|Any CPU
		{7A1EC14F-8D08-4327-AC70-1E4510EA768C}.Release|Any CPU.Build.0 = Release|Any CPU
	EndGlobalSection
	GlobalSection(SolutionProperties) = preSolution
		HideSolutionNode = FALSE
	EndGlobalSection
	GlobalSection(ExtensibilityGlobals) = postSolution
		SolutionGuid = {0D376B6F-3E37-4576-97A6-69A7E3C7EB94}
	EndGlobalSection
EndGlobal
